{
  "version": 4,
  "terraform_version": "1.3.9",
  "serial": 202,
  "lineage": "f361037f-0083-47c3-c3fa-6dfaa30f3e35",
  "outputs": {},
  "resources": [
    {
      "module": "module.instance_module",
      "mode": "managed",
      "type": "aws_instance",
      "name": "instance01",
      "provider": "provider[\"registry.terraform.io/hashicorp/aws\"]",
      "instances": [
        {
          "schema_version": 1,
          "attributes": {
            "ami": "ami-08f0bc76ca5236b20",
            "arn": "arn:aws:ec2:ap-southeast-2:655612526828:instance/i-0661e1fd6f2bcdab8",
            "associate_public_ip_address": false,
            "availability_zone": "ap-southeast-2b",
            "capacity_reservation_specification": [
              {
                "capacity_reservation_preference": "open",
                "capacity_reservation_target": []
              }
            ],
            "cpu_core_count": 1,
            "cpu_threads_per_core": 1,
            "credit_specification": [
              {
                "cpu_credits": "standard"
              }
            ],
            "disable_api_stop": false,
            "disable_api_termination": false,
            "ebs_block_device": [],
            "ebs_optimized": false,
            "enclave_options": [
              {
                "enabled": false
              }
            ],
            "ephemeral_block_device": [],
            "get_password_data": false,
            "hibernation": false,
            "host_id": "",
            "host_resource_group_arn": null,
            "iam_instance_profile": "",
            "id": "i-0661e1fd6f2bcdab8",
            "instance_initiated_shutdown_behavior": "stop",
            "instance_state": "running",
            "instance_type": "t2.micro",
            "ipv6_address_count": 0,
            "ipv6_addresses": [],
            "key_name": "",
            "launch_template": [],
            "maintenance_options": [
              {
                "auto_recovery": "default"
              }
            ],
            "metadata_options": [
              {
                "http_endpoint": "enabled",
                "http_put_response_hop_limit": 1,
                "http_tokens": "optional",
                "instance_metadata_tags": "disabled"
              }
            ],
            "monitoring": false,
            "network_interface": [],
            "outpost_arn": "",
            "password_data": "",
            "placement_group": "",
            "placement_partition_number": 0,
            "primary_network_interface_id": "eni-047bd63c13d9dad02",
            "private_dns": "ip-192-168-1-123.ap-southeast-2.compute.internal",
            "private_dns_name_options": [
              {
                "enable_resource_name_dns_a_record": false,
                "enable_resource_name_dns_aaaa_record": false,
                "hostname_type": "ip-name"
              }
            ],
            "private_ip": "192.168.1.123",
            "public_dns": "",
            "public_ip": "",
            "root_block_device": [
              {
                "delete_on_termination": true,
                "device_name": "/dev/sda1",
                "encrypted": false,
                "iops": 100,
                "kms_key_id": "",
                "tags": {},
                "throughput": 0,
                "volume_id": "vol-0c80419b71867eb8e",
                "volume_size": 8,
                "volume_type": "gp2"
              }
            ],
            "secondary_private_ips": [],
            "security_groups": [],
            "source_dest_check": true,
            "subnet_id": "subnet-0a34f4f400002d10b",
            "tags": {
              "Name": "aws_ubt01"
            },
            "tags_all": {
              "Name": "aws_ubt01"
            },
            "tenancy": "default",
            "timeouts": null,
            "user_data": null,
            "user_data_base64": null,
            "user_data_replace_on_change": false,
            "volume_tags": null,
            "vpc_security_group_ids": [
              "sg-01f3d43c199c444b4"
            ]
          },
          "sensitive_attributes": [],
          "private": "eyJlMmJmYjczMC1lY2FhLTExZTYtOGY4OC0zNDM2M2JjN2M0YzAiOnsiY3JlYXRlIjo2MDAwMDAwMDAwMDAsImRlbGV0ZSI6MTIwMDAwMDAwMDAwMCwidXBkYXRlIjo2MDAwMDAwMDAwMDB9LCJzY2hlbWFfdmVyc2lvbiI6IjEifQ==",
          "dependencies": [
            "module.networking_module.aws_security_group.sg01",
            "module.networking_module.aws_subnet.subnet01",
            "module.networking_module.aws_vpc.vpc01"
          ]
        }
      ]
    },
    {
      "module": "module.networking_module",
      "mode": "managed",
      "type": "aws_eip",
      "name": "eip01",
      "provider": "provider[\"registry.terraform.io/hashicorp/aws\"]",
      "instances": [
        {
          "schema_version": 0,
          "attributes": {
            "address": null,
            "allocation_id": "eipalloc-0c2ca699a3fbf347c",
            "associate_with_private_ip": "192.168.1.123",
            "association_id": "eipassoc-0441f917ed56fd0ce",
            "carrier_ip": "",
            "customer_owned_ip": "",
            "customer_owned_ipv4_pool": "",
            "domain": "vpc",
            "id": "eipalloc-0c2ca699a3fbf347c",
            "instance": "i-0661e1fd6f2bcdab8",
            "network_border_group": "ap-southeast-2",
            "network_interface": "eni-047bd63c13d9dad02",
            "private_dns": "ip-192-168-1-123.ap-southeast-2.compute.internal",
            "private_ip": "192.168.1.123",
            "public_dns": "ec2-13-55-67-33.ap-southeast-2.compute.amazonaws.com",
            "public_ip": "13.55.67.33",
            "public_ipv4_pool": "amazon",
            "tags": null,
            "tags_all": {},
            "timeouts": null,
            "vpc": true
          },
          "sensitive_attributes": [],
          "private": "eyJlMmJmYjczMC1lY2FhLTExZTYtOGY4OC0zNDM2M2JjN2M0YzAiOnsiZGVsZXRlIjoxODAwMDAwMDAwMDAsInJlYWQiOjkwMDAwMDAwMDAwMCwidXBkYXRlIjozMDAwMDAwMDAwMDB9fQ==",
          "dependencies": [
            "module.instance_module.aws_instance.instance01",
            "module.networking_module.aws_internet_gateway.gw01",
            "module.networking_module.aws_security_group.sg01",
            "module.networking_module.aws_subnet.subnet01",
            "module.networking_module.aws_vpc.vpc01"
          ]
        }
      ]
    },
    {
      "module": "module.networking_module",
      "mode": "managed",
      "type": "aws_internet_gateway",
      "name": "gw01",
      "provider": "provider[\"registry.terraform.io/hashicorp/aws\"]",
      "instances": [
        {
          "schema_version": 0,
          "attributes": {
            "arn": "arn:aws:ec2:ap-southeast-2:655612526828:internet-gateway/igw-084a2e4e0b2535d56",
            "id": "igw-084a2e4e0b2535d56",
            "owner_id": "655612526828",
            "tags": {
              "Name": "aws-gw01"
            },
            "tags_all": {
              "Name": "aws-gw01"
            },
            "timeouts": null,
            "vpc_id": "vpc-012a74411a65316b8"
          },
          "sensitive_attributes": [],
          "private": "eyJlMmJmYjczMC1lY2FhLTExZTYtOGY4OC0zNDM2M2JjN2M0YzAiOnsiY3JlYXRlIjoxMjAwMDAwMDAwMDAwLCJkZWxldGUiOjEyMDAwMDAwMDAwMDAsInVwZGF0ZSI6MTIwMDAwMDAwMDAwMH19",
          "dependencies": [
            "module.networking_module.aws_vpc.vpc01"
          ]
        }
      ]
    },
    {
      "module": "module.networking_module",
      "mode": "managed",
      "type": "aws_route_table",
      "name": "rtable01",
      "provider": "provider[\"registry.terraform.io/hashicorp/aws\"]",
      "instances": [
        {
          "schema_version": 0,
          "attributes": {
            "arn": "arn:aws:ec2:ap-southeast-2:655612526828:route-table/rtb-07b9ddf2ed5502896",
            "id": "rtb-07b9ddf2ed5502896",
            "owner_id": "655612526828",
            "propagating_vgws": [],
            "route": [
              {
                "carrier_gateway_id": "",
                "cidr_block": "",
                "core_network_arn": "",
                "destination_prefix_list_id": "",
                "egress_only_gateway_id": "",
                "gateway_id": "igw-084a2e4e0b2535d56",
                "instance_id": "",
                "ipv6_cidr_block": "::/0",
                "local_gateway_id": "",
                "nat_gateway_id": "",
                "network_interface_id": "",
                "transit_gateway_id": "",
                "vpc_endpoint_id": "",
                "vpc_peering_connection_id": ""
              },
              {
                "carrier_gateway_id": "",
                "cidr_block": "0.0.0.0/0",
                "core_network_arn": "",
                "destination_prefix_list_id": "",
                "egress_only_gateway_id": "",
                "gateway_id": "igw-084a2e4e0b2535d56",
                "instance_id": "",
                "ipv6_cidr_block": "",
                "local_gateway_id": "",
                "nat_gateway_id": "",
                "network_interface_id": "",
                "transit_gateway_id": "",
                "vpc_endpoint_id": "",
                "vpc_peering_connection_id": ""
              }
            ],
            "tags": {
              "Name": "aws_rtable01"
            },
            "tags_all": {
              "Name": "aws_rtable01"
            },
            "timeouts": null,
            "vpc_id": "vpc-012a74411a65316b8"
          },
          "sensitive_attributes": [],
          "private": "eyJlMmJmYjczMC1lY2FhLTExZTYtOGY4OC0zNDM2M2JjN2M0YzAiOnsiY3JlYXRlIjozMDAwMDAwMDAwMDAsImRlbGV0ZSI6MzAwMDAwMDAwMDAwLCJ1cGRhdGUiOjEyMDAwMDAwMDAwMH19",
          "dependencies": [
            "module.networking_module.aws_internet_gateway.gw01",
            "module.networking_module.aws_vpc.vpc01"
          ]
        }
      ]
    },
    {
      "module": "module.networking_module",
      "mode": "managed",
      "type": "aws_route_table_association",
      "name": "a",
      "provider": "provider[\"registry.terraform.io/hashicorp/aws\"]",
      "instances": [
        {
          "schema_version": 0,
          "attributes": {
            "gateway_id": "",
            "id": "rtbassoc-0ba61fd0b67d2bcf0",
            "route_table_id": "rtb-07b9ddf2ed5502896",
            "subnet_id": "subnet-0a34f4f400002d10b"
          },
          "sensitive_attributes": [],
          "private": "bnVsbA==",
          "dependencies": [
            "module.networking_module.aws_internet_gateway.gw01",
            "module.networking_module.aws_route_table.rtable01",
            "module.networking_module.aws_subnet.subnet01",
            "module.networking_module.aws_vpc.vpc01"
          ]
        }
      ]
    },
    {
      "module": "module.networking_module",
      "mode": "managed",
      "type": "aws_security_group",
      "name": "sg01",
      "provider": "provider[\"registry.terraform.io/hashicorp/aws\"]",
      "instances": [
        {
          "schema_version": 1,
          "attributes": {
            "arn": "arn:aws:ec2:ap-southeast-2:655612526828:security-group/sg-01f3d43c199c444b4",
            "description": "Allow web-traffice inbound traffic",
            "egress": [
              {
                "cidr_blocks": [
                  "0.0.0.0/0"
                ],
                "description": "",
                "from_port": 0,
                "ipv6_cidr_blocks": [],
                "prefix_list_ids": [],
                "protocol": "-1",
                "security_groups": [],
                "self": false,
                "to_port": 0
              }
            ],
            "id": "sg-01f3d43c199c444b4",
            "ingress": [
              {
                "cidr_blocks": [
                  "0.0.0.0/0"
                ],
                "description": "http from world",
                "from_port": 80,
                "ipv6_cidr_blocks": [],
                "prefix_list_ids": [],
                "protocol": "tcp",
                "security_groups": [],
                "self": false,
                "to_port": 80
              },
              {
                "cidr_blocks": [
                  "0.0.0.0/0"
                ],
                "description": "https from world",
                "from_port": 443,
                "ipv6_cidr_blocks": [],
                "prefix_list_ids": [],
                "protocol": "tcp",
                "security_groups": [],
                "self": false,
                "to_port": 443
              },
              {
                "cidr_blocks": [
                  "0.0.0.0/0"
                ],
                "description": "ssh from world",
                "from_port": 22,
                "ipv6_cidr_blocks": [],
                "prefix_list_ids": [],
                "protocol": "tcp",
                "security_groups": [],
                "self": false,
                "to_port": 25
              }
            ],
            "name": "allow_web-traffic",
            "name_prefix": "",
            "owner_id": "655612526828",
            "revoke_rules_on_delete": false,
            "tags": {
              "Name": "allow_web-traffic"
            },
            "tags_all": {
              "Name": "allow_web-traffic"
            },
            "timeouts": null,
            "vpc_id": "vpc-012a74411a65316b8"
          },
          "sensitive_attributes": [],
          "private": "eyJlMmJmYjczMC1lY2FhLTExZTYtOGY4OC0zNDM2M2JjN2M0YzAiOnsiY3JlYXRlIjo2MDAwMDAwMDAwMDAsImRlbGV0ZSI6OTAwMDAwMDAwMDAwfSwic2NoZW1hX3ZlcnNpb24iOiIxIn0=",
          "dependencies": [
            "module.networking_module.aws_vpc.vpc01"
          ]
        }
      ]
    },
    {
      "module": "module.networking_module",
      "mode": "managed",
      "type": "aws_subnet",
      "name": "subnet01",
      "provider": "provider[\"registry.terraform.io/hashicorp/aws\"]",
      "instances": [
        {
          "schema_version": 1,
          "attributes": {
            "arn": "arn:aws:ec2:ap-southeast-2:655612526828:subnet/subnet-0a34f4f400002d10b",
            "assign_ipv6_address_on_creation": false,
            "availability_zone": "ap-southeast-2b",
            "availability_zone_id": "apse2-az3",
            "cidr_block": "192.168.1.0/24",
            "customer_owned_ipv4_pool": "",
            "enable_dns64": false,
            "enable_resource_name_dns_a_record_on_launch": false,
            "enable_resource_name_dns_aaaa_record_on_launch": false,
            "id": "subnet-0a34f4f400002d10b",
            "ipv6_cidr_block": "",
            "ipv6_cidr_block_association_id": "",
            "ipv6_native": false,
            "map_customer_owned_ip_on_launch": false,
            "map_public_ip_on_launch": false,
            "outpost_arn": "",
            "owner_id": "655612526828",
            "private_dns_hostname_type_on_launch": "ip-name",
            "tags": {
              "Name": "aws_subnet01"
            },
            "tags_all": {
              "Name": "aws_subnet01"
            },
            "timeouts": null,
            "vpc_id": "vpc-012a74411a65316b8"
          },
          "sensitive_attributes": [],
          "private": "eyJlMmJmYjczMC1lY2FhLTExZTYtOGY4OC0zNDM2M2JjN2M0YzAiOnsiY3JlYXRlIjo2MDAwMDAwMDAwMDAsImRlbGV0ZSI6MTIwMDAwMDAwMDAwMH0sInNjaGVtYV92ZXJzaW9uIjoiMSJ9",
          "dependencies": [
            "module.networking_module.aws_vpc.vpc01"
          ]
        }
      ]
    },
    {
      "module": "module.networking_module",
      "mode": "managed",
      "type": "aws_vpc",
      "name": "vpc01",
      "provider": "provider[\"registry.terraform.io/hashicorp/aws\"]",
      "instances": [
        {
          "schema_version": 1,
          "attributes": {
            "arn": "arn:aws:ec2:ap-southeast-2:655612526828:vpc/vpc-012a74411a65316b8",
            "assign_generated_ipv6_cidr_block": false,
            "cidr_block": "192.168.0.0/16",
            "default_network_acl_id": "acl-0704f40eec4360f6b",
            "default_route_table_id": "rtb-0e088dd8239f6e5d2",
            "default_security_group_id": "sg-0b37c569a67a5b78f",
            "dhcp_options_id": "dopt-0ad6a46f6070d2559",
            "enable_classiclink": false,
            "enable_classiclink_dns_support": false,
            "enable_dns_hostnames": false,
            "enable_dns_support": true,
            "enable_network_address_usage_metrics": false,
            "id": "vpc-012a74411a65316b8",
            "instance_tenancy": "default",
            "ipv4_ipam_pool_id": null,
            "ipv4_netmask_length": null,
            "ipv6_association_id": "",
            "ipv6_cidr_block": "",
            "ipv6_cidr_block_network_border_group": "",
            "ipv6_ipam_pool_id": "",
            "ipv6_netmask_length": 0,
            "main_route_table_id": "rtb-0e088dd8239f6e5d2",
            "owner_id": "655612526828",
            "tags": {
              "Name": "aws_vpc01"
            },
            "tags_all": {
              "Name": "aws_vpc01"
            }
          },
          "sensitive_attributes": [],
          "private": "eyJzY2hlbWFfdmVyc2lvbiI6IjEifQ=="
        }
      ]
    }
  ],
  "check_results": null
}
